
Microsoft Visual Studio Solution File, Format Version 12.00
# Visual Studio Version 16
VisualStudioVersion = 16.0.31624.102
MinimumVisualStudioVersion = 10.0.40219.1
Project("{8BC9CEB8-8B4A-11D0-8D11-00A0C91BC942}") = "PKR3.2(A)", "PKR3.2(A).vcxproj", "{1F1BF659-20E6-458C-AC80-C426D2A681AC}"
EndProject
Project("{8BC9CEB8-8B4A-11D0-8D11-00A0C91BC942}") = "Test3.2(1)", "..\Test3.2(1)\Test3.2(1).vcxproj", "{C8FE5E66-6779-4895-A912-B4543FBDE8BC}"
EndProject
Global
	GlobalSection(SolutionConfigurationPlatforms) = preSolution
		Debug|x64 = Debug|x64
		Debug|x86 = Debug|x86
		Release|x64 = Release|x64
		Release|x86 = Release|x86
	EndGlobalSection
	GlobalSection(ProjectConfigurationPlatforms) = postSolution
		{1F1BF659-20E6-458C-AC80-C426D2A681AC}.Debug|x64.ActiveCfg = Debug|x64
		{1F1BF659-20E6-458C-AC80-C426D2A681AC}.Debug|x64.Build.0 = Debug|x64
		{1F1BF659-20E6-458C-AC80-C426D2A681AC}.Debug|x86.ActiveCfg = Debug|Win32
		{1F1BF659-20E6-458C-AC80-C426D2A681AC}.Debug|x86.Build.0 = Debug|Win32
		{1F1BF659-20E6-458C-AC80-C426D2A681AC}.Release|x64.ActiveCfg = Release|x64
		{1F1BF659-20E6-458C-AC80-C426D2A681AC}.Release|x64.Build.0 = Release|x64
		{1F1BF659-20E6-458C-AC80-C426D2A681AC}.Release|x86.ActiveCfg = Release|Win32
		{1F1BF659-20E6-458C-AC80-C426D2A681AC}.Release|x86.Build.0 = Release|Win32
		{C8FE5E66-6779-4895-A912-B4543FBDE8BC}.Debug|x64.ActiveCfg = Debug|x64
		{C8FE5E66-6779-4895-A912-B4543FBDE8BC}.Debug|x64.Build.0 = Debug|x64
		{C8FE5E66-6779-4895-A912-B4543FBDE8BC}.Debug|x86.ActiveCfg = Debug|Win32
		{C8FE5E66-6779-4895-A912-B4543FBDE8BC}.Debug|x86.Build.0 = Debug|Win32
		{C8FE5E66-6779-4895-A912-B4543FBDE8BC}.Release|x64.ActiveCfg = Release|x64
		{C8FE5E66-6779-4895-A912-B4543FBDE8BC}.Release|x64.Build.0 = Release|x64
		{C8FE5E66-6779-4895-A912-B4543FBDE8BC}.Release|x86.ActiveCfg = Release|Win32
		{C8FE5E66-6779-4895-A912-B4543FBDE8BC}.Release|x86.Build.0 = Release|Win32
	EndGlobalSection
	GlobalSection(SolutionProperties) = preSolution
		HideSolutionNode = FALSE
	EndGlobalSection
	GlobalSection(ExtensibilityGlobals) = postSolution
		SolutionGuid = {79E35C88-F562-4301-9AFF-73918C96449C}
	EndGlobalSection
EndGlobal
